
Microsoft Visual Studio Solution File, Format Version 12.00
# Visual Studio Version 16
VisualStudioVersion = 25.0.1706.0
MinimumVisualStudioVersion = 10.0.40219.1
Project("{2150E333-8FDC-42A3-9474-1A3956D46DE8}") = "Solution Items", "Solution Items", "{0EF09D74-B7F0-43D6-8CBC-AD7D3BC742AE}"
	ProjectSection(SolutionItems) = preProject
		README.md = README.md
	EndProjectSection
EndProject
Project("{FAE04EC0-301F-11D3-BF4B-00C04F79EFBC}") = "SKE", "SKE\SKE.csproj", "{52310FEC-AA2C-4B8D-AC9A-DD6998AB08E1}"
EndProject
Global
	GlobalSection(SolutionConfigurationPlatforms) = preSolution
		Debug|Any CPU = Debug|Any CPU
		Release|Any CPU = Release|Any CPU
	EndGlobalSection
	GlobalSection(ProjectConfigurationPlatforms) = postSolution
		{52310FEC-AA2C-4B8D-AC9A-DD6998AB08E1}.Debug|Any CPU.ActiveCfg = Debug|Any CPU
		{52310FEC-AA2C-4B8D-AC9A-DD6998AB08E1}.Debug|Any CPU.Build.0 = Debug|Any CPU
		{52310FEC-AA2C-4B8D-AC9A-DD6998AB08E1}.Release|Any CPU.ActiveCfg = Release|Any CPU
		{52310FEC-AA2C-4B8D-AC9A-DD6998AB08E1}.Release|Any CPU.Build.0 = Release|Any CPU
	EndGlobalSection
	GlobalSection(SolutionProperties) = preSolution
		HideSolutionNode = FALSE
	EndGlobalSection
	GlobalSection(ExtensibilityGlobals) = postSolution
		SolutionGuid = {279FEEFB-B9FE-4632-A13B-E256F7B51D65}
	EndGlobalSection
EndGlobal
